
Microsoft Visual Studio Solution File, Format Version 12.00
# Visual Studio 15
VisualStudioVersion = 15.0.26430.16
MinimumVisualStudioVersion = 10.0.40219.1
Project("{FAE04EC0-301F-11D3-BF4B-00C04F79EFBC}") = "EFCodeFirst", "EFCodeFirst\EFCodeFirst.csproj", "{88093918-E39D-490E-9729-878CB827DF0B}"
EndProject
Project("{2150E333-8FDC-42A3-9474-1A3956D46DE8}") = "EntityRelations", "EntityRelations", "{A990EE04-9E56-4017-A2E1-BBAC15472B14}"
EndProject
Project("{2150E333-8FDC-42A3-9474-1A3956D46DE8}") = "One_to_Zero_or_One", "One_to_Zero_or_One", "{10762193-C0AB-485E-8DF8-B5CCB1B5C294}"
EndProject
Project("{FAE04EC0-301F-11D3-BF4B-00C04F79EFBC}") = "One_to_Zero", "One_to_Zero\One_to_Zero.csproj", "{9E356C0C-06F5-413F-B884-EC910715FA03}"
EndProject
Project("{2150E333-8FDC-42A3-9474-1A3956D46DE8}") = "Many_to_many", "Many_to_many", "{5076BA5D-0389-4E4F-9B2F-2D08638B8256}"
EndProject
Project("{FAE04EC0-301F-11D3-BF4B-00C04F79EFBC}") = "Many_to_many", "Many_to_many\Many_to_many.csproj", "{A59C6DF5-DBA9-429F-9B6B-6AB5A70B2433}"
EndProject
Project("{2150E333-8FDC-42A3-9474-1A3956D46DE8}") = "One_to_many", "One_to_many", "{14299A1B-AD4E-4ACE-AD39-1DF8F9DCA0A9}"
EndProject
Project("{FAE04EC0-301F-11D3-BF4B-00C04F79EFBC}") = "One_to_many", "One_to_many\One_to_many.csproj", "{0EFD6C82-842A-478D-AA37-2F9E0E812DF8}"
EndProject
Global
	GlobalSection(SolutionConfigurationPlatforms) = preSolution
		Debug|Any CPU = Debug|Any CPU
		Release|Any CPU = Release|Any CPU
	EndGlobalSection
	GlobalSection(ProjectConfigurationPlatforms) = postSolution
		{88093918-E39D-490E-9729-878CB827DF0B}.Debug|Any CPU.ActiveCfg = Debug|Any CPU
		{88093918-E39D-490E-9729-878CB827DF0B}.Debug|Any CPU.Build.0 = Debug|Any CPU
		{88093918-E39D-490E-9729-878CB827DF0B}.Release|Any CPU.ActiveCfg = Release|Any CPU
		{88093918-E39D-490E-9729-878CB827DF0B}.Release|Any CPU.Build.0 = Release|Any CPU
		{9E356C0C-06F5-413F-B884-EC910715FA03}.Debug|Any CPU.ActiveCfg = Debug|Any CPU
		{9E356C0C-06F5-413F-B884-EC910715FA03}.Debug|Any CPU.Build.0 = Debug|Any CPU
		{9E356C0C-06F5-413F-B884-EC910715FA03}.Release|Any CPU.ActiveCfg = Release|Any CPU
		{9E356C0C-06F5-413F-B884-EC910715FA03}.Release|Any CPU.Build.0 = Release|Any CPU
		{A59C6DF5-DBA9-429F-9B6B-6AB5A70B2433}.Debug|Any CPU.ActiveCfg = Debug|Any CPU
		{A59C6DF5-DBA9-429F-9B6B-6AB5A70B2433}.Debug|Any CPU.Build.0 = Debug|Any CPU
		{A59C6DF5-DBA9-429F-9B6B-6AB5A70B2433}.Release|Any CPU.ActiveCfg = Release|Any CPU
		{A59C6DF5-DBA9-429F-9B6B-6AB5A70B2433}.Release|Any CPU.Build.0 = Release|Any CPU
		{0EFD6C82-842A-478D-AA37-2F9E0E812DF8}.Debug|Any CPU.ActiveCfg = Debug|Any CPU
		{0EFD6C82-842A-478D-AA37-2F9E0E812DF8}.Debug|Any CPU.Build.0 = Debug|Any CPU
		{0EFD6C82-842A-478D-AA37-2F9E0E812DF8}.Release|Any CPU.ActiveCfg = Release|Any CPU
		{0EFD6C82-842A-478D-AA37-2F9E0E812DF8}.Release|Any CPU.Build.0 = Release|Any CPU
	EndGlobalSection
	GlobalSection(SolutionProperties) = preSolution
		HideSolutionNode = FALSE
	EndGlobalSection
	GlobalSection(NestedProjects) = preSolution
		{10762193-C0AB-485E-8DF8-B5CCB1B5C294} = {A990EE04-9E56-4017-A2E1-BBAC15472B14}
		{9E356C0C-06F5-413F-B884-EC910715FA03} = {10762193-C0AB-485E-8DF8-B5CCB1B5C294}
		{5076BA5D-0389-4E4F-9B2F-2D08638B8256} = {A990EE04-9E56-4017-A2E1-BBAC15472B14}
		{A59C6DF5-DBA9-429F-9B6B-6AB5A70B2433} = {5076BA5D-0389-4E4F-9B2F-2D08638B8256}
		{14299A1B-AD4E-4ACE-AD39-1DF8F9DCA0A9} = {A990EE04-9E56-4017-A2E1-BBAC15472B14}
		{0EFD6C82-842A-478D-AA37-2F9E0E812DF8} = {14299A1B-AD4E-4ACE-AD39-1DF8F9DCA0A9}
	EndGlobalSection
EndGlobal
